
Microsoft Visual Studio Solution File, Format Version 12.00
# Visual Studio Version 17
VisualStudioVersion = 17.2.32616.157
MinimumVisualStudioVersion = 10.0.40219.1
Project("{FAE04EC0-301F-11D3-BF4B-00C04F79EFBC}") = "ConsoleApp1", "ConsoleApp1\ConsoleApp1.csproj", "{4CDFCA74-C741-44DF-B056-2A7704893AF9}"
EndProject
Project("{FAE04EC0-301F-11D3-BF4B-00C04F79EFBC}") = "TestProject1", "TestProject1\TestProject1.csproj", "{D5E18E7D-B9A5-41D8-9CEE-889B999D9F86}"
EndProject
Global
	GlobalSection(SolutionConfigurationPlatforms) = preSolution
		Debug|Any CPU = Debug|Any CPU
		Release|Any CPU = Release|Any CPU
	EndGlobalSection
	GlobalSection(ProjectConfigurationPlatforms) = postSolution
		{4CDFCA74-C741-44DF-B056-2A7704893AF9}.Debug|Any CPU.ActiveCfg = Debug|Any CPU
		{4CDFCA74-C741-44DF-B056-2A7704893AF9}.Debug|Any CPU.Build.0 = Debug|Any CPU
		{4CDFCA74-C741-44DF-B056-2A7704893AF9}.Release|Any CPU.ActiveCfg = Release|Any CPU
		{4CDFCA74-C741-44DF-B056-2A7704893AF9}.Release|Any CPU.Build.0 = Release|Any CPU
		{D5E18E7D-B9A5-41D8-9CEE-889B999D9F86}.Debug|Any CPU.ActiveCfg = Debug|Any CPU
		{D5E18E7D-B9A5-41D8-9CEE-889B999D9F86}.Debug|Any CPU.Build.0 = Debug|Any CPU
		{D5E18E7D-B9A5-41D8-9CEE-889B999D9F86}.Release|Any CPU.ActiveCfg = Release|Any CPU
		{D5E18E7D-B9A5-41D8-9CEE-889B999D9F86}.Release|Any CPU.Build.0 = Release|Any CPU
	EndGlobalSection
	GlobalSection(SolutionProperties) = preSolution
		HideSolutionNode = FALSE
	EndGlobalSection
	GlobalSection(ExtensibilityGlobals) = postSolution
		SolutionGuid = {6016DD49-AFD6-4C37-BC01-8B74B578274D}
	EndGlobalSection
EndGlobal
