
Microsoft Visual Studio Solution File, Format Version 12.00
# Visual Studio Version 17
VisualStudioVersion = 17.2.32616.157
MinimumVisualStudioVersion = 10.0.40219.1
Project("{FAE04EC0-301F-11D3-BF4B-00C04F79EFBC}") = "VS-Introduction", "VS-Introduction\VS-Introduction.csproj", "{7C25C304-3E01-40C1-AB9F-9B5AF41F576F}"
EndProject
Global
	GlobalSection(SolutionConfigurationPlatforms) = preSolution
		Debug|Any CPU = Debug|Any CPU
		Release|Any CPU = Release|Any CPU
	EndGlobalSection
	GlobalSection(ProjectConfigurationPlatforms) = postSolution
		{7C25C304-3E01-40C1-AB9F-9B5AF41F576F}.Debug|Any CPU.ActiveCfg = Debug|Any CPU
		{7C25C304-3E01-40C1-AB9F-9B5AF41F576F}.Debug|Any CPU.Build.0 = Debug|Any CPU
		{7C25C304-3E01-40C1-AB9F-9B5AF41F576F}.Release|Any CPU.ActiveCfg = Release|Any CPU
		{7C25C304-3E01-40C1-AB9F-9B5AF41F576F}.Release|Any CPU.Build.0 = Release|Any CPU
	EndGlobalSection
	GlobalSection(SolutionProperties) = preSolution
		HideSolutionNode = FALSE
	EndGlobalSection
	GlobalSection(ExtensibilityGlobals) = postSolution
		SolutionGuid = {DD61F51F-E83C-4467-A9F5-E4CCFD2E3BA6}
	EndGlobalSection
EndGlobal
